{
    "_meta": {
        "hash": {
            "sha256": "9cf369aa74bb28767f4f44c122a152051afd3e0fa545b08f902e2b0c7484dac7"
        },
        "pipfile-spec": 6,
        "requires": {
            "python_version": "3.6"
        },
        "sources": [
            {
                "name": "pypi",
                "url": "https://pypi.org/simple",
                "verify_ssl": true
            }
        ]
    },
    "default": {
        "paho-mqtt": {
            "hashes": [
                "sha256:e440a052b46d222e184be3be38676378722072fcd4dfd2c8f509fb861a7b0b79"
            ],
            "index": "pypi",
            "version": "==1.4.0"
        },
        "rpi.gpio": {
            "hashes": [
                "sha256:a4210ad63bfe844e43995286de0d3950dfacfa0f3799bb9392770ac54a7d2e47"
            ],
            "index": "pypi",
            "version": "==0.6.5"
        }
    },
    "develop": {}
}
